
Microsoft Visual Studio Solution File, Format Version 12.00
# Visual Studio Version 17
VisualStudioVersion = 17.14.36623.8 d17.14
MinimumVisualStudioVersion = 10.0.40219.1
Project("{FAE04EC0-301F-11D3-BF4B-00C04F79EFBC}") = "PRN232_SU25_SE183096.api", "PRN232_SU25_SE183096.api\PRN232_SU25_SE183096.api.csproj", "{FCE76143-F716-4BBF-BDF9-57BFB134819D}"
EndProject
Project("{FAE04EC0-301F-11D3-BF4B-00C04F79EFBC}") = "Services", "Services\Services.csproj", "{6AD6A827-6913-4BE4-80A6-28738DD07D3B}"
EndProject
Project("{FAE04EC0-301F-11D3-BF4B-00C04F79EFBC}") = "Repositories", "Repositories\Repositories.csproj", "{1ABBD185-F7EF-4BE1-A44B-4D4ADA321E4F}"
EndProject
Global
	GlobalSection(SolutionConfigurationPlatforms) = preSolution
		Debug|Any CPU = Debug|Any CPU
		Release|Any CPU = Release|Any CPU
	EndGlobalSection
	GlobalSection(ProjectConfigurationPlatforms) = postSolution
		{FCE76143-F716-4BBF-BDF9-57BFB134819D}.Debug|Any CPU.ActiveCfg = Debug|Any CPU
		{FCE76143-F716-4BBF-BDF9-57BFB134819D}.Debug|Any CPU.Build.0 = Debug|Any CPU
		{FCE76143-F716-4BBF-BDF9-57BFB134819D}.Release|Any CPU.ActiveCfg = Release|Any CPU
		{FCE76143-F716-4BBF-BDF9-57BFB134819D}.Release|Any CPU.Build.0 = Release|Any CPU
		{6AD6A827-6913-4BE4-80A6-28738DD07D3B}.Debug|Any CPU.ActiveCfg = Debug|Any CPU
		{6AD6A827-6913-4BE4-80A6-28738DD07D3B}.Debug|Any CPU.Build.0 = Debug|Any CPU
		{6AD6A827-6913-4BE4-80A6-28738DD07D3B}.Release|Any CPU.ActiveCfg = Release|Any CPU
		{6AD6A827-6913-4BE4-80A6-28738DD07D3B}.Release|Any CPU.Build.0 = Release|Any CPU
		{1ABBD185-F7EF-4BE1-A44B-4D4ADA321E4F}.Debug|Any CPU.ActiveCfg = Debug|Any CPU
		{1ABBD185-F7EF-4BE1-A44B-4D4ADA321E4F}.Debug|Any CPU.Build.0 = Debug|Any CPU
		{1ABBD185-F7EF-4BE1-A44B-4D4ADA321E4F}.Release|Any CPU.ActiveCfg = Release|Any CPU
		{1ABBD185-F7EF-4BE1-A44B-4D4ADA321E4F}.Release|Any CPU.Build.0 = Release|Any CPU
	EndGlobalSection
	GlobalSection(SolutionProperties) = preSolution
		HideSolutionNode = FALSE
	EndGlobalSection
	GlobalSection(ExtensibilityGlobals) = postSolution
		SolutionGuid = {065E79BF-79F6-42AE-801D-318843CCDC9E}
	EndGlobalSection
EndGlobal
